
Microsoft Visual Studio Solution File, Format Version 12.00
# Visual Studio Version 17
VisualStudioVersion = 17.1.32228.430
MinimumVisualStudioVersion = 10.0.40219.1
Project("{9A19103F-16F7-4668-BE54-9A1E7A4F7556}") = "BusGoiania.MiddlewareRMTC", "BusGoiania.MiddlewareRMTC\BusGoiania.MiddlewareRMTC.csproj", "{26A53506-7C68-4D8F-AC1C-43F33EC926B8}"
EndProject
Project("{9A19103F-16F7-4668-BE54-9A1E7A4F7556}") = "BusGoiania.MainAPI", "BusGoiania.MainAPI\BusGoiania.MainAPI.csproj", "{33527236-0B25-434C-9D44-430A2109DD57}"
EndProject
Project("{9A19103F-16F7-4668-BE54-9A1E7A4F7556}") = "BusGoiania.AuthProvider", "BusGoiania.AuthProvider\BusGoiania.AuthProvider.csproj", "{080E0B63-38DA-46FE-9162-6884A15A97D9}"
EndProject
Global
	GlobalSection(SolutionConfigurationPlatforms) = preSolution
		Debug|Any CPU = Debug|Any CPU
		Release|Any CPU = Release|Any CPU
	EndGlobalSection
	GlobalSection(ProjectConfigurationPlatforms) = postSolution
		{26A53506-7C68-4D8F-AC1C-43F33EC926B8}.Debug|Any CPU.ActiveCfg = Debug|Any CPU
		{26A53506-7C68-4D8F-AC1C-43F33EC926B8}.Debug|Any CPU.Build.0 = Debug|Any CPU
		{26A53506-7C68-4D8F-AC1C-43F33EC926B8}.Release|Any CPU.ActiveCfg = Release|Any CPU
		{26A53506-7C68-4D8F-AC1C-43F33EC926B8}.Release|Any CPU.Build.0 = Release|Any CPU
		{33527236-0B25-434C-9D44-430A2109DD57}.Debug|Any CPU.ActiveCfg = Debug|Any CPU
		{33527236-0B25-434C-9D44-430A2109DD57}.Debug|Any CPU.Build.0 = Debug|Any CPU
		{33527236-0B25-434C-9D44-430A2109DD57}.Release|Any CPU.ActiveCfg = Release|Any CPU
		{33527236-0B25-434C-9D44-430A2109DD57}.Release|Any CPU.Build.0 = Release|Any CPU
		{080E0B63-38DA-46FE-9162-6884A15A97D9}.Debug|Any CPU.ActiveCfg = Debug|Any CPU
		{080E0B63-38DA-46FE-9162-6884A15A97D9}.Debug|Any CPU.Build.0 = Debug|Any CPU
		{080E0B63-38DA-46FE-9162-6884A15A97D9}.Release|Any CPU.ActiveCfg = Release|Any CPU
		{080E0B63-38DA-46FE-9162-6884A15A97D9}.Release|Any CPU.Build.0 = Release|Any CPU
	EndGlobalSection
	GlobalSection(SolutionProperties) = preSolution
		HideSolutionNode = FALSE
	EndGlobalSection
	GlobalSection(ExtensibilityGlobals) = postSolution
		SolutionGuid = {1386D1BB-D5EA-463F-9A64-538799950157}
	EndGlobalSection
EndGlobal
